# THIS IS AN AUTOGENERATED FILE. DO NOT EDIT THIS FILE DIRECTLY.
# yarn lockfile v1


byline@^4.1.1:
  version "4.2.2"
  resolved "https://registry.yarnpkg.com/byline/-/byline-4.2.2.tgz#c203a98a5b0290822a9386a78eda2cbd5bcdb32f"
  integrity sha1-wgOpilsCkIIqk4anjtosvVvNsy8=

dot@^1.0.3:
  version "1.1.3"
  resolved "https://registry.yarnpkg.com/dot/-/dot-1.1.3.tgz#351360e00a748bce9a1f8f27c00c394a7e4e1e9f"
  integrity sha512-/nt74Rm+PcfnirXGEdhZleTwGC2LMnuKTeeTIlI82xb5loBBoXNYzr2ezCroPSMtilK8EZIfcNZwOcHN+ib1Lg==

lcov2badge@^0.1.2:
  version "0.1.2"
  resolved "https://registry.yarnpkg.com/lcov2badge/-/lcov2badge-0.1.2.tgz#37d653b8f430b06925c5cb2fae4d2d2ed5b32c4c"
  integrity sha512-kXi1oE5hFfv/l7P4858d8+5FkaNNWTiSn1bi2JRusbyvYNuzxldCRr9YVnyBy/uBLevQxZvamtyN5PdpDpOXzQ==
  dependencies:
    byline "^4.1.1"
    shields-lightweight "^0.1.0"

shields-lightweight@^0.1.0:
  version "0.1.0"
  resolved "https://registry.yarnpkg.com/shields-lightweight/-/shields-lightweight-0.1.0.tgz#a998fc983b429615e23d4a8184925424817957aa"
  integrity sha1-qZj8mDtClhXiPUqBhJJUJIF5V6o=
  dependencies:
    dot "^1.0.3"
